{
  "requires": true,
  "lockfileVersion": 1,
  "dependencies": {
    "html5-device-mockups": {
      "version": "3.2.1",
      "resolved": "https://registry.npmjs.org/html5-device-mockups/-/html5-device-mockups-3.2.1.tgz",
      "integrity": "sha512-jxuLuDf9iABIoFlclVGmhjC3sH91JquIOz6ByKsROg/0ztqamac3XYlnA3GZHfQNM6XZRIsNX8OWal+2R/CTEQ=="
    }
  }
}
